
Microsoft Visual Studio Solution File, Format Version 12.00
# Visual Studio Version 17
VisualStudioVersion = 17.4.33205.214
MinimumVisualStudioVersion = 10.0.40219.1
Project("{8BC9CEB8-8B4A-11D0-8D11-00A0C91BC942}") = "C语言习题33", "C语言习题33\C语言习题33.vcxproj", "{23BAD4F3-3F08-49C0-89C8-0B24FA6C0AC1}"
EndProject
Global
	GlobalSection(SolutionConfigurationPlatforms) = preSolution
		Debug|x64 = Debug|x64
		Debug|x86 = Debug|x86
		Release|x64 = Release|x64
		Release|x86 = Release|x86
	EndGlobalSection
	GlobalSection(ProjectConfigurationPlatforms) = postSolution
		{23BAD4F3-3F08-49C0-89C8-0B24FA6C0AC1}.Debug|x64.ActiveCfg = Debug|x64
		{23BAD4F3-3F08-49C0-89C8-0B24FA6C0AC1}.Debug|x64.Build.0 = Debug|x64
		{23BAD4F3-3F08-49C0-89C8-0B24FA6C0AC1}.Debug|x86.ActiveCfg = Debug|Win32
		{23BAD4F3-3F08-49C0-89C8-0B24FA6C0AC1}.Debug|x86.Build.0 = Debug|Win32
		{23BAD4F3-3F08-49C0-89C8-0B24FA6C0AC1}.Release|x64.ActiveCfg = Release|x64
		{23BAD4F3-3F08-49C0-89C8-0B24FA6C0AC1}.Release|x64.Build.0 = Release|x64
		{23BAD4F3-3F08-49C0-89C8-0B24FA6C0AC1}.Release|x86.ActiveCfg = Release|Win32
		{23BAD4F3-3F08-49C0-89C8-0B24FA6C0AC1}.Release|x86.Build.0 = Release|Win32
	EndGlobalSection
	GlobalSection(SolutionProperties) = preSolution
		HideSolutionNode = FALSE
	EndGlobalSection
	GlobalSection(ExtensibilityGlobals) = postSolution
		SolutionGuid = {0DACC7A5-AD4C-43D2-872F-F5F3A3C4B1F0}
	EndGlobalSection
EndGlobal
