
Microsoft Visual Studio Solution File, Format Version 12.00
# Visual Studio Version 17
VisualStudioVersion = 17.4.33205.214
MinimumVisualStudioVersion = 10.0.40219.1
Project("{8BC9CEB8-8B4A-11D0-8D11-00A0C91BC942}") = "初始C语言15", "初始C语言15\初始C语言15.vcxproj", "{3C5D1ED2-6153-4E0B-B388-FCB61383D855}"
EndProject
Global
	GlobalSection(SolutionConfigurationPlatforms) = preSolution
		Debug|x64 = Debug|x64
		Debug|x86 = Debug|x86
		Release|x64 = Release|x64
		Release|x86 = Release|x86
	EndGlobalSection
	GlobalSection(ProjectConfigurationPlatforms) = postSolution
		{3C5D1ED2-6153-4E0B-B388-FCB61383D855}.Debug|x64.ActiveCfg = Debug|x64
		{3C5D1ED2-6153-4E0B-B388-FCB61383D855}.Debug|x64.Build.0 = Debug|x64
		{3C5D1ED2-6153-4E0B-B388-FCB61383D855}.Debug|x86.ActiveCfg = Debug|Win32
		{3C5D1ED2-6153-4E0B-B388-FCB61383D855}.Debug|x86.Build.0 = Debug|Win32
		{3C5D1ED2-6153-4E0B-B388-FCB61383D855}.Release|x64.ActiveCfg = Release|x64
		{3C5D1ED2-6153-4E0B-B388-FCB61383D855}.Release|x64.Build.0 = Release|x64
		{3C5D1ED2-6153-4E0B-B388-FCB61383D855}.Release|x86.ActiveCfg = Release|Win32
		{3C5D1ED2-6153-4E0B-B388-FCB61383D855}.Release|x86.Build.0 = Release|Win32
	EndGlobalSection
	GlobalSection(SolutionProperties) = preSolution
		HideSolutionNode = FALSE
	EndGlobalSection
	GlobalSection(ExtensibilityGlobals) = postSolution
		SolutionGuid = {8914FD32-EB25-4E34-BFB8-695C736D31DC}
	EndGlobalSection
EndGlobal
