
Microsoft Visual Studio Solution File, Format Version 12.00
# Visual Studio Version 17
VisualStudioVersion = 17.4.33205.214
MinimumVisualStudioVersion = 10.0.40219.1
Project("{8BC9CEB8-8B4A-11D0-8D11-00A0C91BC942}") = "初始C语言34", "初始C语言34\初始C语言34.vcxproj", "{6DF10F91-3534-455D-A89F-5E11825BE7E8}"
EndProject
Global
	GlobalSection(SolutionConfigurationPlatforms) = preSolution
		Debug|x64 = Debug|x64
		Debug|x86 = Debug|x86
		Release|x64 = Release|x64
		Release|x86 = Release|x86
	EndGlobalSection
	GlobalSection(ProjectConfigurationPlatforms) = postSolution
		{6DF10F91-3534-455D-A89F-5E11825BE7E8}.Debug|x64.ActiveCfg = Debug|x64
		{6DF10F91-3534-455D-A89F-5E11825BE7E8}.Debug|x64.Build.0 = Debug|x64
		{6DF10F91-3534-455D-A89F-5E11825BE7E8}.Debug|x86.ActiveCfg = Debug|Win32
		{6DF10F91-3534-455D-A89F-5E11825BE7E8}.Debug|x86.Build.0 = Debug|Win32
		{6DF10F91-3534-455D-A89F-5E11825BE7E8}.Release|x64.ActiveCfg = Release|x64
		{6DF10F91-3534-455D-A89F-5E11825BE7E8}.Release|x64.Build.0 = Release|x64
		{6DF10F91-3534-455D-A89F-5E11825BE7E8}.Release|x86.ActiveCfg = Release|Win32
		{6DF10F91-3534-455D-A89F-5E11825BE7E8}.Release|x86.Build.0 = Release|Win32
	EndGlobalSection
	GlobalSection(SolutionProperties) = preSolution
		HideSolutionNode = FALSE
	EndGlobalSection
	GlobalSection(ExtensibilityGlobals) = postSolution
		SolutionGuid = {BA12DC0C-2240-4EBE-B0D7-DDF39ED89538}
	EndGlobalSection
EndGlobal
