
Microsoft Visual Studio Solution File, Format Version 12.00
# Visual Studio Version 17
VisualStudioVersion = 17.8.34309.116
MinimumVisualStudioVersion = 10.0.40219.1
Project("{8BC9CEB8-8B4A-11D0-8D11-00A0C91BC942}") = "设计题7", "设计题7\设计题7.vcxproj", "{DDDE2AC0-94BB-4328-BACD-09686F057F5E}"
EndProject
Global
	GlobalSection(SolutionConfigurationPlatforms) = preSolution
		Debug|x64 = Debug|x64
		Debug|x86 = Debug|x86
		Release|x64 = Release|x64
		Release|x86 = Release|x86
	EndGlobalSection
	GlobalSection(ProjectConfigurationPlatforms) = postSolution
		{DDDE2AC0-94BB-4328-BACD-09686F057F5E}.Debug|x64.ActiveCfg = Debug|x64
		{DDDE2AC0-94BB-4328-BACD-09686F057F5E}.Debug|x64.Build.0 = Debug|x64
		{DDDE2AC0-94BB-4328-BACD-09686F057F5E}.Debug|x86.ActiveCfg = Debug|Win32
		{DDDE2AC0-94BB-4328-BACD-09686F057F5E}.Debug|x86.Build.0 = Debug|Win32
		{DDDE2AC0-94BB-4328-BACD-09686F057F5E}.Release|x64.ActiveCfg = Release|x64
		{DDDE2AC0-94BB-4328-BACD-09686F057F5E}.Release|x64.Build.0 = Release|x64
		{DDDE2AC0-94BB-4328-BACD-09686F057F5E}.Release|x86.ActiveCfg = Release|Win32
		{DDDE2AC0-94BB-4328-BACD-09686F057F5E}.Release|x86.Build.0 = Release|Win32
	EndGlobalSection
	GlobalSection(SolutionProperties) = preSolution
		HideSolutionNode = FALSE
	EndGlobalSection
	GlobalSection(ExtensibilityGlobals) = postSolution
		SolutionGuid = {45B079C9-697F-4647-81EE-B39866B3BDE3}
	EndGlobalSection
EndGlobal
