
Microsoft Visual Studio Solution File, Format Version 12.00
# Visual Studio Version 17
VisualStudioVersion = 17.10.35027.167
MinimumVisualStudioVersion = 10.0.40219.1
Project("{8BC9CEB8-8B4A-11D0-8D11-00A0C91BC942}") = "code1动态内存分配", "code1动态内存分配.vcxproj", "{6D0929FB-B274-4627-8FE1-F0B137E6A045}"
EndProject
Global
	GlobalSection(SolutionConfigurationPlatforms) = preSolution
		Debug|x64 = Debug|x64
		Debug|x86 = Debug|x86
		Release|x64 = Release|x64
		Release|x86 = Release|x86
	EndGlobalSection
	GlobalSection(ProjectConfigurationPlatforms) = postSolution
		{6D0929FB-B274-4627-8FE1-F0B137E6A045}.Debug|x64.ActiveCfg = Debug|x64
		{6D0929FB-B274-4627-8FE1-F0B137E6A045}.Debug|x64.Build.0 = Debug|x64
		{6D0929FB-B274-4627-8FE1-F0B137E6A045}.Debug|x86.ActiveCfg = Debug|Win32
		{6D0929FB-B274-4627-8FE1-F0B137E6A045}.Debug|x86.Build.0 = Debug|Win32
		{6D0929FB-B274-4627-8FE1-F0B137E6A045}.Release|x64.ActiveCfg = Release|x64
		{6D0929FB-B274-4627-8FE1-F0B137E6A045}.Release|x64.Build.0 = Release|x64
		{6D0929FB-B274-4627-8FE1-F0B137E6A045}.Release|x86.ActiveCfg = Release|Win32
		{6D0929FB-B274-4627-8FE1-F0B137E6A045}.Release|x86.Build.0 = Release|Win32
	EndGlobalSection
	GlobalSection(SolutionProperties) = preSolution
		HideSolutionNode = FALSE
	EndGlobalSection
	GlobalSection(ExtensibilityGlobals) = postSolution
		SolutionGuid = {E75C90DA-B0F2-4C34-84B1-E4E8F2477BB6}
	EndGlobalSection
EndGlobal
