
Microsoft Visual Studio Solution File, Format Version 12.00
# Visual Studio Version 17
VisualStudioVersion = 17.8.34309.116
MinimumVisualStudioVersion = 10.0.40219.1
Project("{8BC9CEB8-8B4A-11D0-8D11-00A0C91BC942}") = "设计题8", "设计题8\设计题8.vcxproj", "{AE54AA86-9DFE-4758-A091-0FDD4932CC6B}"
EndProject
Global
	GlobalSection(SolutionConfigurationPlatforms) = preSolution
		Debug|x64 = Debug|x64
		Debug|x86 = Debug|x86
		Release|x64 = Release|x64
		Release|x86 = Release|x86
	EndGlobalSection
	GlobalSection(ProjectConfigurationPlatforms) = postSolution
		{AE54AA86-9DFE-4758-A091-0FDD4932CC6B}.Debug|x64.ActiveCfg = Debug|x64
		{AE54AA86-9DFE-4758-A091-0FDD4932CC6B}.Debug|x64.Build.0 = Debug|x64
		{AE54AA86-9DFE-4758-A091-0FDD4932CC6B}.Debug|x86.ActiveCfg = Debug|Win32
		{AE54AA86-9DFE-4758-A091-0FDD4932CC6B}.Debug|x86.Build.0 = Debug|Win32
		{AE54AA86-9DFE-4758-A091-0FDD4932CC6B}.Release|x64.ActiveCfg = Release|x64
		{AE54AA86-9DFE-4758-A091-0FDD4932CC6B}.Release|x64.Build.0 = Release|x64
		{AE54AA86-9DFE-4758-A091-0FDD4932CC6B}.Release|x86.ActiveCfg = Release|Win32
		{AE54AA86-9DFE-4758-A091-0FDD4932CC6B}.Release|x86.Build.0 = Release|Win32
	EndGlobalSection
	GlobalSection(SolutionProperties) = preSolution
		HideSolutionNode = FALSE
	EndGlobalSection
	GlobalSection(ExtensibilityGlobals) = postSolution
		SolutionGuid = {E252AA76-3CAC-4913-89C3-BF8ABBF175FA}
	EndGlobalSection
EndGlobal
