
Microsoft Visual Studio Solution File, Format Version 12.00
# Visual Studio Version 17
VisualStudioVersion = 17.4.33205.214
MinimumVisualStudioVersion = 10.0.40219.1
Project("{8BC9CEB8-8B4A-11D0-8D11-00A0C91BC942}") = "初始C语言16", "初始C语言16\初始C语言16.vcxproj", "{16C660C4-5820-46CB-83CE-A69BD6C70D9F}"
EndProject
Global
	GlobalSection(SolutionConfigurationPlatforms) = preSolution
		Debug|x64 = Debug|x64
		Debug|x86 = Debug|x86
		Release|x64 = Release|x64
		Release|x86 = Release|x86
	EndGlobalSection
	GlobalSection(ProjectConfigurationPlatforms) = postSolution
		{16C660C4-5820-46CB-83CE-A69BD6C70D9F}.Debug|x64.ActiveCfg = Debug|x64
		{16C660C4-5820-46CB-83CE-A69BD6C70D9F}.Debug|x64.Build.0 = Debug|x64
		{16C660C4-5820-46CB-83CE-A69BD6C70D9F}.Debug|x86.ActiveCfg = Debug|Win32
		{16C660C4-5820-46CB-83CE-A69BD6C70D9F}.Debug|x86.Build.0 = Debug|Win32
		{16C660C4-5820-46CB-83CE-A69BD6C70D9F}.Release|x64.ActiveCfg = Release|x64
		{16C660C4-5820-46CB-83CE-A69BD6C70D9F}.Release|x64.Build.0 = Release|x64
		{16C660C4-5820-46CB-83CE-A69BD6C70D9F}.Release|x86.ActiveCfg = Release|Win32
		{16C660C4-5820-46CB-83CE-A69BD6C70D9F}.Release|x86.Build.0 = Release|Win32
	EndGlobalSection
	GlobalSection(SolutionProperties) = preSolution
		HideSolutionNode = FALSE
	EndGlobalSection
	GlobalSection(ExtensibilityGlobals) = postSolution
		SolutionGuid = {20680E13-DCEA-48AC-9B55-F1191A81467D}
	EndGlobalSection
EndGlobal
